// !$*UTF8*$!
{
	archiveVersion = 1;
	classes = {
	};
	objectVersion = 50;
	objects = {

/* Begin PBXBuildFile section */
		86650ED3208F6CA50029C0DF /* main.m in Sources */ = {isa = PBXBuildFile; fileRef = 86650ED2208F6CA50029C0DF /* main.m */; };
		86650ED9208F6D040029C0DF /* GameConsoleInterface.m in Sources */ = {isa = PBXBuildFile; fileRef = 86650ED8208F6D040029C0DF /* GameConsoleInterface.m */; };
/* End PBXBuildFile section */

/* Begin PBXCopyFilesBuildPhase section */
		86650EC6208F6BD40029C0DF /* CopyFiles */ = {
			isa = PBXCopyFilesBuildPhase;
			buildActionMask = 2147483647;
			dstPath = /usr/share/man/man1/;
			dstSubfolderSpec = 0;
			files = (
			);
			runOnlyForDeploymentPostprocessing = 1;
		};
/* End PBXCopyFilesBuildPhase section */

/* Begin PBXFileReference section */
		86650EC8208F6BD40029C0DF /* ObjC_Cards(v.4) */ = {isa = PBXFileReference; explicitFileType = "compiled.mach-o.executable"; includeInIndex = 0; path = "ObjC_Cards(v.4)"; sourceTree = BUILT_PRODUCTS_DIR; };
		86650ED2208F6CA50029C0DF /* main.m */ = {isa = PBXFileReference; fileEncoding = 4; lastKnownFileType = sourcecode.c.objc; path = main.m; sourceTree = "<group>"; };
		86650ED5208F6CCC0029C0DF /* lib */ = {isa = PBXFileReference; lastKnownFileType = folder; path = lib; sourceTree = SOURCE_ROOT; };
		86650ED7208F6D040029C0DF /* GameConsoleInterface.h */ = {isa = PBXFileReference; fileEncoding = 4; lastKnownFileType = sourcecode.c.h; path = GameConsoleInterface.h; sourceTree = SOURCE_ROOT; };
		86650ED8208F6D040029C0DF /* GameConsoleInterface.m */ = {isa = PBXFileReference; fileEncoding = 4; lastKnownFileType = sourcecode.c.objc; path = GameConsoleInterface.m; sourceTree = SOURCE_ROOT; };
/* End PBXFileReference section */

/* Begin PBXFrameworksBuildPhase section */
		86650EC5208F6BD40029C0DF /* Frameworks */ = {
			isa = PBXFrameworksBuildPhase;
			buildActionMask = 2147483647;
			files = (
			);
			runOnlyForDeploymentPostprocessing = 0;
		};
/* End PBXFrameworksBuildPhase section */

/* Begin PBXGroup section */
		86650EBF208F6BD40029C0DF = {
			isa = PBXGroup;
			children = (
				86650ED4208F6CB70029C0DF /* Cards */,
				86650ECA208F6BD40029C0DF /* ObjC_Cards(v.4) */,
				86650EC9208F6BD40029C0DF /* Products */,
			);
			sourceTree = "<group>";
		};
		86650EC9208F6BD40029C0DF /* Products */ = {
			isa = PBXGroup;
			children = (
				86650EC8208F6BD40029C0DF /* ObjC_Cards(v.4) */,
			);
			name = Products;
			sourceTree = "<group>";
		};
		86650ECA208F6BD40029C0DF /* ObjC_Cards(v.4) */ = {
			isa = PBXGroup;
			children = (
				86650ED2208F6CA50029C0DF /* main.m */,
			);
			path = "ObjC_Cards(v.4)";
			sourceTree = "<group>";
		};
		86650ED4208F6CB70029C0DF /* Cards */ = {
			isa = PBXGroup;
			children = (
				86650ED6208F6CE90029C0DF /* GameInterface */,
				86650ED5208F6CCC0029C0DF /* lib */,
			);
			name = Cards;
			path = "ObjC_Cards(v.4)";
			sourceTree = "<group>";
		};
		86650ED6208F6CE90029C0DF /* GameInterface */ = {
			isa = PBXGroup;
			children = (
				86650ED7208F6D040029C0DF /* GameConsoleInterface.h */,
				86650ED8208F6D040029C0DF /* GameConsoleInterface.m */,
			);
			name = GameInterface;
			sourceTree = "<group>";
		};
/* End PBXGroup section */

/* Begin PBXNativeTarget section */
		86650EC7208F6BD40029C0DF /* ObjC_Cards(v.4) */ = {
			isa = PBXNativeTarget;
			buildConfigurationList = 86650ECF208F6BD40029C0DF /* Build configuration list for PBXNativeTarget "ObjC_Cards(v.4)" */;
			buildPhases = (
				86650EC4208F6BD40029C0DF /* Sources */,
				86650EC5208F6BD40029C0DF /* Frameworks */,
				86650EC6208F6BD40029C0DF /* CopyFiles */,
			);
			buildRules = (
			);
			dependencies = (
			);
			name = "ObjC_Cards(v.4)";
			productName = "ObjC_Cards(v.4)";
			productReference = 86650EC8208F6BD40029C0DF /* ObjC_Cards(v.4) */;
			productType = "com.apple.product-type.tool";
		};
/* End PBXNativeTarget section */

/* Begin PBXProject section */
		86650EC0208F6BD40029C0DF /* Project object */ = {
			isa = PBXProject;
			attributes = {
				LastUpgradeCheck = 0930;
				ORGANIZATIONNAME = "Георгий Зубков";
				TargetAttributes = {
					86650EC7208F6BD40029C0DF = {
						CreatedOnToolsVersion = 9.3;
					};
				};
			};
			buildConfigurationList = 86650EC3208F6BD40029C0DF /* Build configuration list for PBXProject "ObjC_Cards(v.4)" */;
			compatibilityVersion = "Xcode 9.3";
			developmentRegion = en;
			hasScannedForEncodings = 0;
			knownRegions = (
				en,
			);
			mainGroup = 86650EBF208F6BD40029C0DF;
			productRefGroup = 86650EC9208F6BD40029C0DF /* Products */;
			projectDirPath = "";
			projectRoot = "";
			targets = (
				86650EC7208F6BD40029C0DF /* ObjC_Cards(v.4) */,
			);
		};
/* End PBXProject section */

/* Begin PBXSourcesBuildPhase section */
		86650EC4208F6BD40029C0DF /* Sources */ = {
			isa = PBXSourcesBuildPhase;
			buildActionMask = 2147483647;
			files = (
				86650ED3208F6CA50029C0DF /* main.m in Sources */,
				86650ED9208F6D040029C0DF /* GameConsoleInterface.m in Sources */,
			);
			runOnlyForDeploymentPostprocessing = 0;
		};
/* End PBXSourcesBuildPhase section */

/* Begin XCBuildConfiguration section */
		86650ECD208F6BD40029C0DF /* Debug */ = {
			isa = XCBuildConfiguration;
			buildSettings = {
				ALWAYS_SEARCH_USER_PATHS = NO;
				CLANG_ANALYZER_NONNULL = YES;
				CLANG_ANALYZER_NUMBER_OBJECT_CONVERSION = YES_AGGRESSIVE;
				CLANG_CXX_LANGUAGE_STANDARD = "gnu++14";
				CLANG_CXX_LIBRARY = "libc++";
				CLANG_ENABLE_MODULES = YES;
				CLANG_ENABLE_OBJC_ARC = YES;
				CLANG_ENABLE_OBJC_WEAK = YES;
				CLANG_WARN_BLOCK_CAPTURE_AUTORELEASING = YES;
				CLANG_WARN_BOOL_CONVERSION = YES;
				CLANG_WARN_COMMA = YES;
				CLANG_WARN_CONSTANT_CONVERSION = YES;
				CLANG_WARN_DEPRECATED_OBJC_IMPLEMENTATIONS = YES;
				CLANG_WARN_DIRECT_OBJC_ISA_USAGE = YES_ERROR;
				CLANG_WARN_DOCUMENTATION_COMMENTS = YES;
				CLANG_WARN_EMPTY_BODY = YES;
				CLANG_WARN_ENUM_CONVERSION = YES;
				CLANG_WARN_INFINITE_RECURSION = YES;
				CLANG_WARN_INT_CONVERSION = YES;
				CLANG_WARN_NON_LITERAL_NULL_CONVERSION = YES;
				CLANG_WARN_OBJC_IMPLICIT_RETAIN_SELF = YES;
				CLANG_WARN_OBJC_LITERAL_CONVERSION = YES;
				CLANG_WARN_OBJC_ROOT_CLASS = YES_ERROR;
				CLANG_WARN_RANGE_LOOP_ANALYSIS = YES;
				CLANG_WARN_STRICT_PROTOTYPES = YES;
				CLANG_WARN_SUSPICIOUS_MOVE = YES;
				CLANG_WARN_UNGUARDED_AVAILABILITY = YES_AGGRESSIVE;
				CLANG_WARN_UNREACHABLE_CODE = YES;
				CLANG_WARN__DUPLICATE_METHOD_MATCH = YES;
				CODE_SIGN_IDENTITY = "-";
				COPY_PHASE_STRIP = NO;
				DEBUG_INFORMATION_FORMAT = dwarf;
				ENABLE_STRICT_OBJC_MSGSEND = YES;
				ENABLE_TESTABILITY = YES;
				GCC_C_LANGUAGE_STANDARD = gnu11;
				GCC_DYNAMIC_NO_PIC = NO;
				GCC_NO_COMMON_BLOCKS = YES;
				GCC_OPTIMIZATION_LEVEL = 0;
				GCC_PREPROCESSOR_DEFINITIONS = (
					"DEBUG=1",
					"$(inherited)",
				);
				GCC_WARN_64_TO_32_BIT_CONVERSION = YES;
				GCC_WARN_ABOUT_RETURN_TYPE = YES_ERROR;
				GCC_WARN_UNDECLARED_SELECTOR = YES;
				GCC_WARN_UNINITIALIZED_AUTOS = YES_AGGRESSIVE;
				GCC_WARN_UNUSED_FUNCTION = YES;
				GCC_WARN_UNUSED_VARIABLE = YES;
				MACOSX_DEPLOYMENT_TARGET = 10.13;
				MTL_ENABLE_DEBUG_INFO = YES;
				ONLY_ACTIVE_ARCH = YES;
				SDKROOT = macosx;
			};
			name = Debug;
		};
		86650ECE208F6BD40029C0DF /* Release */ = {
			isa = XCBuildConfiguration;
			buildSettings = {
				ALWAYS_SEARCH_USER_PATHS = NO;
				CLANG_ANALYZER_NONNULL = YES;
				CLANG_ANALYZER_NUMBER_OBJECT_CONVERSION = YES_AGGRESSIVE;
				CLANG_CXX_LANGUAGE_STANDARD = "gnu++14";
				CLANG_CXX_LIBRARY = "libc++";
				CLANG_ENABLE_MODULES = YES;
				CLANG_ENABLE_OBJC_ARC = YES;
				CLANG_ENABLE_OBJC_WEAK = YES;
				CLANG_WARN_BLOCK_CAPTURE_AUTORELEASING = YES;
				CLANG_WARN_BOOL_CONVERSION = YES;
				CLANG_WARN_COMMA = YES;
				CLANG_WARN_CONSTANT_CONVERSION = YES;
				CLANG_WARN_DEPRECATED_OBJC_IMPLEMENTATIONS = YES;
				CLANG_WARN_DIRECT_OBJC_ISA_USAGE = YES_ERROR;
				CLANG_WARN_DOCUMENTATION_COMMENTS = YES;
				CLANG_WARN_EMPTY_BODY = YES;
				CLANG_WARN_ENUM_CONVERSION = YES;
				CLANG_WARN_INFINITE_RECURSION = YES;
				CLANG_WARN_INT_CONVERSION = YES;
				CLANG_WARN_NON_LITERAL_NULL_CONVERSION = YES;
				CLANG_WARN_OBJC_IMPLICIT_RETAIN_SELF = YES;
				CLANG_WARN_OBJC_LITERAL_CONVERSION = YES;
				CLANG_WARN_OBJC_ROOT_CLASS = YES_ERROR;
				CLANG_WARN_RANGE_LOOP_ANALYSIS = YES;
				CLANG_WARN_STRICT_PROTOTYPES = YES;
				CLANG_WARN_SUSPICIOUS_MOVE = YES;
				CLANG_WARN_UNGUARDED_AVAILABILITY = YES_AGGRESSIVE;
				CLANG_WARN_UNREACHABLE_CODE = YES;
				CLANG_WARN__DUPLICATE_METHOD_MATCH = YES;
				CODE_SIGN_IDENTITY = "-";
				COPY_PHASE_STRIP = NO;
				DEBUG_INFORMATION_FORMAT = "dwarf-with-dsym";
				ENABLE_NS_ASSERTIONS = NO;
				ENABLE_STRICT_OBJC_MSGSEND = YES;
				GCC_C_LANGUAGE_STANDARD = gnu11;
				GCC_NO_COMMON_BLOCKS = YES;
				GCC_WARN_64_TO_32_BIT_CONVERSION = YES;
				GCC_WARN_ABOUT_RETURN_TYPE = YES_ERROR;
				GCC_WARN_UNDECLARED_SELECTOR = YES;
				GCC_WARN_UNINITIALIZED_AUTOS = YES_AGGRESSIVE;
				GCC_WARN_UNUSED_FUNCTION = YES;
				GCC_WARN_UNUSED_VARIABLE = YES;
				MACOSX_DEPLOYMENT_TARGET = 10.13;
				MTL_ENABLE_DEBUG_INFO = NO;
				SDKROOT = macosx;
			};
			name = Release;
		};
		86650ED0208F6BD40029C0DF /* Debug */ = {
			isa = XCBuildConfiguration;
			buildSettings = {
				CODE_SIGN_STYLE = Automatic;
				PRODUCT_NAME = "$(TARGET_NAME)";
			};
			name = Debug;
		};
		86650ED1208F6BD40029C0DF /* Release */ = {
			isa = XCBuildConfiguration;
			buildSettings = {
				CODE_SIGN_STYLE = Automatic;
				PRODUCT_NAME = "$(TARGET_NAME)";
			};
			name = Release;
		};
/* End XCBuildConfiguration section */

/* Begin XCConfigurationList section */
		86650EC3208F6BD40029C0DF /* Build configuration list for PBXProject "ObjC_Cards(v.4)" */ = {
			isa = XCConfigurationList;
			buildConfigurations = (
				86650ECD208F6BD40029C0DF /* Debug */,
				86650ECE208F6BD40029C0DF /* Release */,
			);
			defaultConfigurationIsVisible = 0;
			defaultConfigurationName = Release;
		};
		86650ECF208F6BD40029C0DF /* Build configuration list for PBXNativeTarget "ObjC_Cards(v.4)" */ = {
			isa = XCConfigurationList;
			buildConfigurations = (
				86650ED0208F6BD40029C0DF /* Debug */,
				86650ED1208F6BD40029C0DF /* Release */,
			);
			defaultConfigurationIsVisible = 0;
			defaultConfigurationName = Release;
		};
/* End XCConfigurationList section */
	};
	rootObject = 86650EC0208F6BD40029C0DF /* Project object */;
}
